<?xml version="1.0" encoding="utf-8"?>
<Project ToolsVersion="4.0" xmlns="http://schemas.microsoft.com/developer/msbuild/2003">
  <ItemGroup>
    <Filter Include="Source Files">
      <UniqueIdentifier>{4FC737F1-C7A5-4376-A066-2A32D752A2FF}</UniqueIdentifier>
      <Extensions>cpp;c;cc;cxx;def;odl;idl;hpj;bat;asm;asmx</Extensions>
    </Filter>
    <Filter Include="Header Files">
      <UniqueIdentifier>{93995380-89BD-4b04-88EB-625FBE52EBFB}</UniqueIdentifier>
      <Extensions>h;hpp;hxx;hm;inl;inc;xsd</Extensions>
    </Filter>
    <Filter Include="Resource Files">
      <UniqueIdentifier>{67DA6AB6-F800-4c08-8B7A-83BB121AAD01}</UniqueIdentifier>
      <Extensions>rc;ico;cur;bmp;dlg;rc2;rct;bin;rgs;gif;jpg;jpeg;jpe;resx;tiff;tif;png;wav;mfcribbon-ms</Extensions>
    </Filter>
    <Filter Include="Header Files\pathfinding">
      <UniqueIdentifier>{370cc426-3bb2-4fa1-a418-e8a82b3c7bbb}</UniqueIdentifier>
    </Filter>
    <Filter Include="Source Files\pathfinding">
      <UniqueIdentifier>{474fbefa-c012-4187-954c-fdb12b4f06d7}</UniqueIdentifier>
    </Filter>
    <Filter Include="Source Files\Utils">
      <UniqueIdentifier>{761a75db-b881-40a6-a480-1074cc3573fd}</UniqueIdentifier>
    </Filter>
    <Filter Include="Header Files\Utils">
      <UniqueIdentifier>{e5b141ca-92cc-4a75-a886-47cb8fd6ec76}</UniqueIdentifier>
    </Filter>
    <Filter Include="Source Files\Messages">
      <UniqueIdentifier>{2506e0f4-16c3-4534-a6cb-c1fab57540ac}</UniqueIdentifier>
    </Filter>
    <Filter Include="Header Files\Messages">
      <UniqueIdentifier>{0c1c6781-c8e0-43be-a5d0-a09985d1fa25}</UniqueIdentifier>
    </Filter>
    <Filter Include="Header Files\Collision">
      <UniqueIdentifier>{ed712617-55e9-4c6a-816a-cbbe0cb1a504}</UniqueIdentifier>
    </Filter>
    <Filter Include="Source Files\Collision">
      <UniqueIdentifier>{7a06b897-f325-4e98-a7ec-e1c60cd86b5e}</UniqueIdentifier>
    </Filter>
    <Filter Include="Source Files\Units">
      <UniqueIdentifier>{9a46eec4-50a0-46b4-a2d2-2bfbe495ab4a}</UniqueIdentifier>
    </Filter>
    <Filter Include="Source Files\Steering">
      <UniqueIdentifier>{db1d44a8-1f0d-452e-8312-0a6b2820ff50}</UniqueIdentifier>
    </Filter>
    <Filter Include="Header Files\Units">
      <UniqueIdentifier>{0f54aa7c-6530-439e-bcc0-1494602cbe69}</UniqueIdentifier>
    </Filter>
    <Filter Include="Header Files\Steering">
      <UniqueIdentifier>{bc6d4069-b916-4fc5-a8f5-5023c1358e33}</UniqueIdentifier>
    </Filter>
    <Filter Include="Header Files\Items">
      <UniqueIdentifier>{b1c77964-024d-4b50-a43e-b9678f770f21}</UniqueIdentifier>
    </Filter>
    <Filter Include="Source Files\Items">
      <UniqueIdentifier>{238678d6-6b26-4372-af68-b742f17781ea}</UniqueIdentifier>
    </Filter>
    <Filter Include="Header Files\States">
      <UniqueIdentifier>{a17be20b-1e98-49f7-b765-d469cc6ba34e}</UniqueIdentifier>
    </Filter>
    <Filter Include="Source Files\States">
      <UniqueIdentifier>{8ed585b5-4d64-49f8-bac3-0be798b41881}</UniqueIdentifier>
    </Filter>
  </ItemGroup>
  <ItemGroup>
    <ClInclude Include="Connection.h">
      <Filter>Header Files\pathfinding</Filter>
    </ClInclude>
    <ClInclude Include="Graph.h">
      <Filter>Header Files\pathfinding</Filter>
    </ClInclude>
    <ClInclude Include="Node.h">
      <Filter>Header Files\pathfinding</Filter>
    </ClInclude>
    <ClInclude Include="GridGraph.h">
      <Filter>Header Files\pathfinding</Filter>
    </ClInclude>
    <ClInclude Include="Path.h">
      <Filter>Header Files\pathfinding</Filter>
    </ClInclude>
    <ClInclude Include="Pathfinder.h">
      <Filter>Header Files\pathfinding</Filter>
    </ClInclude>
    <ClInclude Include="DepthFirstPathfinder.h">
      <Filter>Header Files\pathfinding</Filter>
    </ClInclude>
    <ClInclude Include="GridPathfinder.h">
      <Filter>Header Files\pathfinding</Filter>
    </ClInclude>
    <ClInclude Include="InputSystem.h">
      <Filter>Header Files\Utils</Filter>
    </ClInclude>
    <ClInclude Include="Dijkstra.h">
      <Filter>Header Files\pathfinding</Filter>
    </ClInclude>
    <ClInclude Include="Astar.h">
      <Filter>Header Files\pathfinding</Filter>
    </ClInclude>
    <ClInclude Include="GameApp.h">
      <Filter>Header Files\Utils</Filter>
    </ClInclude>
    <ClInclude Include="DebugContent.h">
      <Filter>Header Files\Messages</Filter>
    </ClInclude>
    <ClInclude Include="DebugDisplay.h">
      <Filter>Header Files\Messages</Filter>
    </ClInclude>
    <ClInclude Include="GameMessage.h">
      <Filter>Header Files\Messages</Filter>
    </ClInclude>
    <ClInclude Include="GameMessageManager.h">
      <Filter>Header Files\Messages</Filter>
    </ClInclude>
    <ClInclude Include="PathfindingDebugContent.h">
      <Filter>Header Files\Messages</Filter>
    </ClInclude>
    <ClInclude Include="PathToMessage.h">
      <Filter>Header Files\Messages</Filter>
    </ClInclude>
    <ClInclude Include="SwitchPathFindingMessage.h">
      <Filter>Header Files\Messages</Filter>
    </ClInclude>
    <ClInclude Include="BoxCollider.h">
      <Filter>Header Files\Collision</Filter>
    </ClInclude>
    <ClInclude Include="CircleCollider.h">
      <Filter>Header Files\Collision</Filter>
    </ClInclude>
    <ClInclude Include="Steering.h">
      <Filter>Header Files\Steering</Filter>
    </ClInclude>
    <ClInclude Include="Kinematic.h">
      <Filter>Header Files\Units</Filter>
    </ClInclude>
    <ClInclude Include="KinematicUnit.h">
      <Filter>Header Files\Units</Filter>
    </ClInclude>
    <ClInclude Include="UnitManager.h">
      <Filter>Header Files\Units</Filter>
    </ClInclude>
    <ClInclude Include="WanderSteering.h">
      <Filter>Header Files\Steering</Filter>
    </ClInclude>
    <ClInclude Include="MapWallManager.h">
      <Filter>Header Files\Collision</Filter>
    </ClInclude>
    <ClInclude Include="StateMachine.h">
      <Filter>Header Files\States</Filter>
    </ClInclude>
    <ClInclude Include="Enemy.h">
      <Filter>Header Files\Units</Filter>
    </ClInclude>
    <ClInclude Include="WanderState.h">
      <Filter>Header Files\States</Filter>
    </ClInclude>
    <ClInclude Include="SeekState.h">
      <Filter>Header Files\States</Filter>
    </ClInclude>
    <ClInclude Include="FleeState.h">
      <Filter>Header Files\States</Filter>
    </ClInclude>
    <ClInclude Include="SeekSteering.h">
      <Filter>Header Files\Steering</Filter>
    </ClInclude>
  </ItemGroup>
  <ItemGroup>
    <ClCompile Include="Graph.cpp">
      <Filter>Source Files\pathfinding</Filter>
    </ClCompile>
    <ClCompile Include="Connection.cpp">
      <Filter>Source Files\pathfinding</Filter>
    </ClCompile>
    <ClCompile Include="Node.cpp">
      <Filter>Source Files\pathfinding</Filter>
    </ClCompile>
    <ClCompile Include="GridGraph.cpp">
      <Filter>Source Files\pathfinding</Filter>
    </ClCompile>
    <ClCompile Include="Path.cpp">
      <Filter>Source Files\pathfinding</Filter>
    </ClCompile>
    <ClCompile Include="Pathfinder.cpp">
      <Filter>Source Files\pathfinding</Filter>
    </ClCompile>
    <ClCompile Include="DepthFirstPathfinder.cpp">
      <Filter>Source Files\pathfinding</Filter>
    </ClCompile>
    <ClCompile Include="GridPathfinder.cpp">
      <Filter>Source Files\pathfinding</Filter>
    </ClCompile>
    <ClCompile Include="InputSystem.cpp">
      <Filter>Source Files\Utils</Filter>
    </ClCompile>
    <ClCompile Include="Dijkstra.cpp">
      <Filter>Source Files\pathfinding</Filter>
    </ClCompile>
    <ClCompile Include="Astar.cpp">
      <Filter>Source Files\pathfinding</Filter>
    </ClCompile>
    <ClCompile Include="main.cpp">
      <Filter>Source Files\Utils</Filter>
    </ClCompile>
    <ClCompile Include="GameApp.cpp">
      <Filter>Source Files\Utils</Filter>
    </ClCompile>
    <ClCompile Include="DebugDisplay.cpp">
      <Filter>Source Files\Messages</Filter>
    </ClCompile>
    <ClCompile Include="GameMessage.cpp">
      <Filter>Source Files\Messages</Filter>
    </ClCompile>
    <ClCompile Include="GameMessageManager.cpp">
      <Filter>Source Files\Messages</Filter>
    </ClCompile>
    <ClCompile Include="PathfindingDebugContent.cpp">
      <Filter>Source Files\Messages</Filter>
    </ClCompile>
    <ClCompile Include="PathToMessage.cpp">
      <Filter>Source Files\Messages</Filter>
    </ClCompile>
    <ClCompile Include="SwitchPathFindingMessage.cpp">
      <Filter>Source Files\Messages</Filter>
    </ClCompile>
    <ClCompile Include="BoxCollider.cpp">
      <Filter>Source Files\Collision</Filter>
    </ClCompile>
    <ClCompile Include="CircleCollider.cpp">
      <Filter>Source Files\Collision</Filter>
    </ClCompile>
    <ClCompile Include="Steering.cpp">
      <Filter>Source Files\Steering</Filter>
    </ClCompile>
    <ClCompile Include="Kinematic.cpp">
      <Filter>Source Files\Units</Filter>
    </ClCompile>
    <ClCompile Include="KinematicUnit.cpp">
      <Filter>Source Files\Units</Filter>
    </ClCompile>
    <ClCompile Include="UnitManager.cpp">
      <Filter>Source Files\Units</Filter>
    </ClCompile>
    <ClCompile Include="WanderSteering.cpp">
      <Filter>Source Files\Steering</Filter>
    </ClCompile>
    <ClCompile Include="MapWallManager.cpp">
      <Filter>Source Files\Collision</Filter>
    </ClCompile>
    <ClCompile Include="StateMachine.cpp">
      <Filter>Source Files\States</Filter>
    </ClCompile>
    <ClCompile Include="Enemy.cpp">
      <Filter>Source Files\Units</Filter>
    </ClCompile>
    <ClCompile Include="WanderState.cpp">
      <Filter>Source Files\States</Filter>
    </ClCompile>
    <ClCompile Include="SeekState.cpp">
      <Filter>Source Files\States</Filter>
    </ClCompile>
    <ClCompile Include="FleeState.cpp">
      <Filter>Source Files\States</Filter>
    </ClCompile>
    <ClCompile Include="SeekSteering.cpp">
      <Filter>Source Files\Steering</Filter>
    </ClCompile>
  </ItemGroup>
</Project>